
Microsoft Visual Studio Solution File, Format Version 12.00
# Visual Studio Version 17
VisualStudioVersion = 17.9.34728.123
MinimumVisualStudioVersion = 10.0.40219.1
Project("{9A19103F-16F7-4668-BE54-9A1E7A4F7556}") = "enterprise", "enterprise\enterprise.csproj", "{5A0D223E-B4DD-4119-8A36-23D073671C5D}"
EndProject
Global
	GlobalSection(SolutionConfigurationPlatforms) = preSolution
		Debug|Any CPU = Debug|Any CPU
		Release|Any CPU = Release|Any CPU
	EndGlobalSection
	GlobalSection(ProjectConfigurationPlatforms) = postSolution
		{5A0D223E-B4DD-4119-8A36-23D073671C5D}.Debug|Any CPU.ActiveCfg = Debug|Any CPU
		{5A0D223E-B4DD-4119-8A36-23D073671C5D}.Debug|Any CPU.Build.0 = Debug|Any CPU
		{5A0D223E-B4DD-4119-8A36-23D073671C5D}.Release|Any CPU.ActiveCfg = Release|Any CPU
		{5A0D223E-B4DD-4119-8A36-23D073671C5D}.Release|Any CPU.Build.0 = Release|Any CPU
	EndGlobalSection
	GlobalSection(SolutionProperties) = preSolution
		HideSolutionNode = FALSE
	EndGlobalSection
	GlobalSection(ExtensibilityGlobals) = postSolution
		SolutionGuid = {FD949CF9-DC15-4E94-9DC4-817E589C9C3B}
	EndGlobalSection
EndGlobal
