
Microsoft Visual Studio Solution File, Format Version 12.00
# Visual Studio Version 16
VisualStudioVersion = 25.0.1706.11
MinimumVisualStudioVersion = 10.0.40219.1
Project("{FAE04EC0-301F-11D3-BF4B-00C04F79EFBC}") = "SqlTest5", "SqlTest5.csproj", "{89317B8E-6336-4E11-B48C-04B9EE560049}"
EndProject
Global
	GlobalSection(SolutionConfigurationPlatforms) = preSolution
		Debug|Any CPU = Debug|Any CPU
		Release|Any CPU = Release|Any CPU
	EndGlobalSection
	GlobalSection(ProjectConfigurationPlatforms) = postSolution
		{89317B8E-6336-4E11-B48C-04B9EE560049}.Debug|Any CPU.ActiveCfg = Debug|Any CPU
		{89317B8E-6336-4E11-B48C-04B9EE560049}.Debug|Any CPU.Build.0 = Debug|Any CPU
		{89317B8E-6336-4E11-B48C-04B9EE560049}.Release|Any CPU.ActiveCfg = Release|Any CPU
		{89317B8E-6336-4E11-B48C-04B9EE560049}.Release|Any CPU.Build.0 = Release|Any CPU
	EndGlobalSection
	GlobalSection(SolutionProperties) = preSolution
		HideSolutionNode = FALSE
	EndGlobalSection
	GlobalSection(ExtensibilityGlobals) = postSolution
		SolutionGuid = {1F435D63-94ED-4D32-B84C-939528C044B8}
	EndGlobalSection
EndGlobal
